
Microsoft Visual Studio Solution File, Format Version 12.00
# Visual Studio Version 16
VisualStudioVersion = 16.0.31515.178
MinimumVisualStudioVersion = 10.0.40219.1
Project("{FAE04EC0-301F-11D3-BF4B-00C04F79EFBC}") = "DateAccess", "DateAccess\DateAccess.csproj", "{1CB82516-6B97-4810-A67C-AB4AA135ECBD}"
EndProject
Project("{FAE04EC0-301F-11D3-BF4B-00C04F79EFBC}") = "Business", "Business\Business.csproj", "{21C94996-335B-4169-AE38-6DBBFB092F5D}"
EndProject
Project("{FAE04EC0-301F-11D3-BF4B-00C04F79EFBC}") = "Entities", "Entities\Entities.csproj", "{48BF9C02-AB49-44A8-B4D7-60EE63EE0999}"
EndProject
Project("{FAE04EC0-301F-11D3-BF4B-00C04F79EFBC}") = "ConsoleUI", "ConsoleUI\ConsoleUI.csproj", "{CCB974BE-2749-4C96-ACE0-C7664C052928}"
EndProject
Global
	GlobalSection(SolutionConfigurationPlatforms) = preSolution
		Debug|Any CPU = Debug|Any CPU
		Release|Any CPU = Release|Any CPU
	EndGlobalSection
	GlobalSection(ProjectConfigurationPlatforms) = postSolution
		{1CB82516-6B97-4810-A67C-AB4AA135ECBD}.Debug|Any CPU.ActiveCfg = Debug|Any CPU
		{1CB82516-6B97-4810-A67C-AB4AA135ECBD}.Debug|Any CPU.Build.0 = Debug|Any CPU
		{1CB82516-6B97-4810-A67C-AB4AA135ECBD}.Release|Any CPU.ActiveCfg = Release|Any CPU
		{1CB82516-6B97-4810-A67C-AB4AA135ECBD}.Release|Any CPU.Build.0 = Release|Any CPU
		{21C94996-335B-4169-AE38-6DBBFB092F5D}.Debug|Any CPU.ActiveCfg = Debug|Any CPU
		{21C94996-335B-4169-AE38-6DBBFB092F5D}.Debug|Any CPU.Build.0 = Debug|Any CPU
		{21C94996-335B-4169-AE38-6DBBFB092F5D}.Release|Any CPU.ActiveCfg = Release|Any CPU
		{21C94996-335B-4169-AE38-6DBBFB092F5D}.Release|Any CPU.Build.0 = Release|Any CPU
		{48BF9C02-AB49-44A8-B4D7-60EE63EE0999}.Debug|Any CPU.ActiveCfg = Debug|Any CPU
		{48BF9C02-AB49-44A8-B4D7-60EE63EE0999}.Debug|Any CPU.Build.0 = Debug|Any CPU
		{48BF9C02-AB49-44A8-B4D7-60EE63EE0999}.Release|Any CPU.ActiveCfg = Release|Any CPU
		{48BF9C02-AB49-44A8-B4D7-60EE63EE0999}.Release|Any CPU.Build.0 = Release|Any CPU
		{CCB974BE-2749-4C96-ACE0-C7664C052928}.Debug|Any CPU.ActiveCfg = Debug|Any CPU
		{CCB974BE-2749-4C96-ACE0-C7664C052928}.Debug|Any CPU.Build.0 = Debug|Any CPU
		{CCB974BE-2749-4C96-ACE0-C7664C052928}.Release|Any CPU.ActiveCfg = Release|Any CPU
		{CCB974BE-2749-4C96-ACE0-C7664C052928}.Release|Any CPU.Build.0 = Release|Any CPU
	EndGlobalSection
	GlobalSection(SolutionProperties) = preSolution
		HideSolutionNode = FALSE
	EndGlobalSection
	GlobalSection(ExtensibilityGlobals) = postSolution
		SolutionGuid = {78F2CDFA-466C-4015-B510-9FFEA8EDFCDB}
	EndGlobalSection
EndGlobal
